
Microsoft Visual Studio Solution File, Format Version 12.00
# Visual Studio Version 16
VisualStudioVersion = 16.0.30204.135
MinimumVisualStudioVersion = 10.0.40219.1
Project("{9A19103F-16F7-4668-BE54-9A1E7A4F7556}") = "Terrexpansion", "Terrexpansion.csproj", "{7C9BE9D5-6835-4033-AA1A-472EFFFE347A}"
EndProject
Global
	GlobalSection(SolutionConfigurationPlatforms) = preSolution
		Debug|Any CPU = Debug|Any CPU
		Release|Any CPU = Release|Any CPU
	EndGlobalSection
	GlobalSection(ProjectConfigurationPlatforms) = postSolution
		{7C9BE9D5-6835-4033-AA1A-472EFFFE347A}.Debug|Any CPU.ActiveCfg = Debug|Any CPU
		{7C9BE9D5-6835-4033-AA1A-472EFFFE347A}.Debug|Any CPU.Build.0 = Debug|Any CPU
		{7C9BE9D5-6835-4033-AA1A-472EFFFE347A}.Release|Any CPU.ActiveCfg = Release|Any CPU
		{7C9BE9D5-6835-4033-AA1A-472EFFFE347A}.Release|Any CPU.Build.0 = Release|Any CPU
	EndGlobalSection
	GlobalSection(SolutionProperties) = preSolution
		HideSolutionNode = FALSE
	EndGlobalSection
	GlobalSection(ExtensibilityGlobals) = postSolution
		SolutionGuid = {002174D1-BF2D-4A4B-8CCF-28551A43653C}
	EndGlobalSection
EndGlobal
